
Microsoft Visual Studio Solution File, Format Version 12.00
# Visual Studio Version 17
VisualStudioVersion = 17.3.32922.545
MinimumVisualStudioVersion = 10.0.40219.1
Project("{2150E333-8FDC-42A3-9474-1A3956D46DE8}") = "src", "src", "{6979A168-3304-4469-9887-6EC0C75B68EA}"
EndProject
Project("{FAE04EC0-301F-11D3-BF4B-00C04F79EFBC}") = "Solution.Api", "src\Solution.Api\Solution.Api.csproj", "{D5119A8A-9065-4041-AFC9-E7665A9ECF4C}"
EndProject
Project("{2150E333-8FDC-42A3-9474-1A3956D46DE8}") = "tests", "tests", "{01D84503-2E14-4214-9918-DD988E5415CA}"
EndProject
Global
	GlobalSection(SolutionConfigurationPlatforms) = preSolution
		Debug|Any CPU = Debug|Any CPU
		Release|Any CPU = Release|Any CPU
	EndGlobalSection
	GlobalSection(ProjectConfigurationPlatforms) = postSolution
		{D5119A8A-9065-4041-AFC9-E7665A9ECF4C}.Debug|Any CPU.ActiveCfg = Debug|Any CPU
		{D5119A8A-9065-4041-AFC9-E7665A9ECF4C}.Debug|Any CPU.Build.0 = Debug|Any CPU
		{D5119A8A-9065-4041-AFC9-E7665A9ECF4C}.Release|Any CPU.ActiveCfg = Release|Any CPU
		{D5119A8A-9065-4041-AFC9-E7665A9ECF4C}.Release|Any CPU.Build.0 = Release|Any CPU
	EndGlobalSection
	GlobalSection(SolutionProperties) = preSolution
		HideSolutionNode = FALSE
	EndGlobalSection
	GlobalSection(NestedProjects) = preSolution
		{D5119A8A-9065-4041-AFC9-E7665A9ECF4C} = {6979A168-3304-4469-9887-6EC0C75B68EA}
	EndGlobalSection
	GlobalSection(ExtensibilityGlobals) = postSolution
		SolutionGuid = {31C9A6C7-D4B6-42C5-8821-488B1FBF7D49}
	EndGlobalSection
EndGlobal
